
Microsoft Visual Studio Solution File, Format Version 12.00
# Visual Studio Version 17
VisualStudioVersion = 17.11.35327.3
MinimumVisualStudioVersion = 10.0.40219.1
Project("{FAE04EC0-301F-11D3-BF4B-00C04F79EFBC}") = "PrimeirosPasso_AplicacaoDeConsole", "PrimeirosPasso_AplicacaoDeConsole\PrimeirosPasso_AplicacaoDeConsole.csproj", "{900BF60F-E754-4F81-AB87-D1F36AAC0AEA}"
EndProject
Global
	GlobalSection(SolutionConfigurationPlatforms) = preSolution
		Debug|Any CPU = Debug|Any CPU
		Release|Any CPU = Release|Any CPU
	EndGlobalSection
	GlobalSection(ProjectConfigurationPlatforms) = postSolution
		{900BF60F-E754-4F81-AB87-D1F36AAC0AEA}.Debug|Any CPU.ActiveCfg = Debug|Any CPU
		{900BF60F-E754-4F81-AB87-D1F36AAC0AEA}.Debug|Any CPU.Build.0 = Debug|Any CPU
		{900BF60F-E754-4F81-AB87-D1F36AAC0AEA}.Release|Any CPU.ActiveCfg = Release|Any CPU
		{900BF60F-E754-4F81-AB87-D1F36AAC0AEA}.Release|Any CPU.Build.0 = Release|Any CPU
	EndGlobalSection
	GlobalSection(SolutionProperties) = preSolution
		HideSolutionNode = FALSE
	EndGlobalSection
	GlobalSection(ExtensibilityGlobals) = postSolution
		SolutionGuid = {DEE2AC39-6DD3-4C43-AC2F-583E7711B4A4}
	EndGlobalSection
EndGlobal
